
Microsoft Visual Studio Solution File, Format Version 12.00
# Visual Studio 15
VisualStudioVersion = 15.0.26730.16
MinimumVisualStudioVersion = 10.0.40219.1
Project("{FAE04EC0-301F-11D3-BF4B-00C04F79EFBC}") = "Shapes", "Shapes\Shapes.csproj", "{D8D2EDD8-1CB3-48B4-9FAA-B44DD54CE93C}"
EndProject
Global
	GlobalSection(SolutionConfigurationPlatforms) = preSolution
		Debug|Any CPU = Debug|Any CPU
		Release|Any CPU = Release|Any CPU
	EndGlobalSection
	GlobalSection(ProjectConfigurationPlatforms) = postSolution
		{D8D2EDD8-1CB3-48B4-9FAA-B44DD54CE93C}.Debug|Any CPU.ActiveCfg = Debug|Any CPU
		{D8D2EDD8-1CB3-48B4-9FAA-B44DD54CE93C}.Debug|Any CPU.Build.0 = Debug|Any CPU
		{D8D2EDD8-1CB3-48B4-9FAA-B44DD54CE93C}.Release|Any CPU.ActiveCfg = Release|Any CPU
		{D8D2EDD8-1CB3-48B4-9FAA-B44DD54CE93C}.Release|Any CPU.Build.0 = Release|Any CPU
	EndGlobalSection
	GlobalSection(SolutionProperties) = preSolution
		HideSolutionNode = FALSE
	EndGlobalSection
	GlobalSection(ExtensibilityGlobals) = postSolution
		SolutionGuid = {8026216A-4DA1-45E9-9ECA-394BE425B896}
	EndGlobalSection
EndGlobal
